<?xml version="1.0" encoding="utf-8"?>
<Project ToolsVersion="4.0" xmlns="http://schemas.microsoft.com/developer/msbuild/2003">
  <ItemGroup>
    <ClCompile Include="runner.cpp" />
    <ClCompile Include="..\linear-system\linear_system.cpp" />
    <ClCompile Include="linear_least_squares.cpp" />
  </ItemGroup>
  <ItemGroup>
    <ClInclude Include="..\linear-system\linear_system.h" />
    <ClInclude Include="linear_least_squares.h" />
  </ItemGroup>
</Project>